
Microsoft Visual Studio Solution File, Format Version 12.00
# Visual Studio Version 16
VisualStudioVersion = 16.0.31729.503
MinimumVisualStudioVersion = 10.0.40219.1
Project("{FAE04EC0-301F-11D3-BF4B-00C04F79EFBC}") = "Pharma", "Pharma\Pharma.csproj", "{11DD9F0C-8D41-4472-843E-96448389CC66}"
EndProject
Global
	GlobalSection(SolutionConfigurationPlatforms) = preSolution
		Debug|Any CPU = Debug|Any CPU
		Release|Any CPU = Release|Any CPU
	EndGlobalSection
	GlobalSection(ProjectConfigurationPlatforms) = postSolution
		{11DD9F0C-8D41-4472-843E-96448389CC66}.Debug|Any CPU.ActiveCfg = Debug|Any CPU
		{11DD9F0C-8D41-4472-843E-96448389CC66}.Debug|Any CPU.Build.0 = Debug|Any CPU
		{11DD9F0C-8D41-4472-843E-96448389CC66}.Release|Any CPU.ActiveCfg = Release|Any CPU
		{11DD9F0C-8D41-4472-843E-96448389CC66}.Release|Any CPU.Build.0 = Release|Any CPU
	EndGlobalSection
	GlobalSection(SolutionProperties) = preSolution
		HideSolutionNode = FALSE
	EndGlobalSection
	GlobalSection(ExtensibilityGlobals) = postSolution
		SolutionGuid = {9AD8CB32-0FDC-47B0-A667-75E87F636F05}
	EndGlobalSection
EndGlobal
